
Microsoft Visual Studio Solution File, Format Version 12.00
# Visual Studio 15
VisualStudioVersion = 15.0.28307.271
MinimumVisualStudioVersion = 10.0.40219.1
Project("{8BC9CEB8-8B4A-11D0-8D11-00A0C91BC942}") = "2019CG_Lab2_105502519", "2019CG_Lab2_105502519\2019CG_Lab2_105502519.vcxproj", "{3FA23BC3-B54F-4E74-B29E-96C5B147ACB8}"
EndProject
Global
	GlobalSection(SolutionConfigurationPlatforms) = preSolution
		Debug|x64 = Debug|x64
		Debug|x86 = Debug|x86
		Release|x64 = Release|x64
		Release|x86 = Release|x86
	EndGlobalSection
	GlobalSection(ProjectConfigurationPlatforms) = postSolution
		{3FA23BC3-B54F-4E74-B29E-96C5B147ACB8}.Debug|x64.ActiveCfg = Debug|x64
		{3FA23BC3-B54F-4E74-B29E-96C5B147ACB8}.Debug|x64.Build.0 = Debug|x64
		{3FA23BC3-B54F-4E74-B29E-96C5B147ACB8}.Debug|x86.ActiveCfg = Debug|Win32
		{3FA23BC3-B54F-4E74-B29E-96C5B147ACB8}.Debug|x86.Build.0 = Debug|Win32
		{3FA23BC3-B54F-4E74-B29E-96C5B147ACB8}.Release|x64.ActiveCfg = Release|x64
		{3FA23BC3-B54F-4E74-B29E-96C5B147ACB8}.Release|x64.Build.0 = Release|x64
		{3FA23BC3-B54F-4E74-B29E-96C5B147ACB8}.Release|x86.ActiveCfg = Release|Win32
		{3FA23BC3-B54F-4E74-B29E-96C5B147ACB8}.Release|x86.Build.0 = Release|Win32
	EndGlobalSection
	GlobalSection(SolutionProperties) = preSolution
		HideSolutionNode = FALSE
	EndGlobalSection
	GlobalSection(ExtensibilityGlobals) = postSolution
		SolutionGuid = {750F6325-2C93-4533-A542-A2296C671912}
	EndGlobalSection
EndGlobal
